
Microsoft Visual Studio Solution File, Format Version 12.00
# Visual Studio Version 17
VisualStudioVersion = 17.11.35303.130
MinimumVisualStudioVersion = 10.0.40219.1
Project("{FAE04EC0-301F-11D3-BF4B-00C04F79EFBC}") = "PokemonASP", "PokemonASP\PokemonASP.csproj", "{DCFF0FEC-05FD-49AC-9C3B-690165BE1F4F}"
EndProject
Project("{FAE04EC0-301F-11D3-BF4B-00C04F79EFBC}") = "ENT", "ENT\ENT.csproj", "{39D87B58-49EE-4A5C-ADC9-8DDA7E3963FC}"
EndProject
Project("{FAE04EC0-301F-11D3-BF4B-00C04F79EFBC}") = "DAL", "DAL\DAL.csproj", "{55AF08D4-71B1-4AA5-8BAE-6CF65A477EDF}"
EndProject
Project("{FAE04EC0-301F-11D3-BF4B-00C04F79EFBC}") = "BLASP", "BLASP\BLASP.csproj", "{A87FBEB6-C2DD-42F6-8D68-C1E9BBD3358D}"
EndProject
Project("{FAE04EC0-301F-11D3-BF4B-00C04F79EFBC}") = "DTO", "DTO\DTO.csproj", "{69CA0944-9504-4FC8-AAE5-648A07967411}"
EndProject
Global
	GlobalSection(SolutionConfigurationPlatforms) = preSolution
		Debug|Any CPU = Debug|Any CPU
		Release|Any CPU = Release|Any CPU
	EndGlobalSection
	GlobalSection(ProjectConfigurationPlatforms) = postSolution
		{DCFF0FEC-05FD-49AC-9C3B-690165BE1F4F}.Debug|Any CPU.ActiveCfg = Debug|Any CPU
		{DCFF0FEC-05FD-49AC-9C3B-690165BE1F4F}.Debug|Any CPU.Build.0 = Debug|Any CPU
		{DCFF0FEC-05FD-49AC-9C3B-690165BE1F4F}.Release|Any CPU.ActiveCfg = Release|Any CPU
		{DCFF0FEC-05FD-49AC-9C3B-690165BE1F4F}.Release|Any CPU.Build.0 = Release|Any CPU
		{39D87B58-49EE-4A5C-ADC9-8DDA7E3963FC}.Debug|Any CPU.ActiveCfg = Debug|Any CPU
		{39D87B58-49EE-4A5C-ADC9-8DDA7E3963FC}.Debug|Any CPU.Build.0 = Debug|Any CPU
		{39D87B58-49EE-4A5C-ADC9-8DDA7E3963FC}.Release|Any CPU.ActiveCfg = Release|Any CPU
		{39D87B58-49EE-4A5C-ADC9-8DDA7E3963FC}.Release|Any CPU.Build.0 = Release|Any CPU
		{55AF08D4-71B1-4AA5-8BAE-6CF65A477EDF}.Debug|Any CPU.ActiveCfg = Debug|Any CPU
		{55AF08D4-71B1-4AA5-8BAE-6CF65A477EDF}.Debug|Any CPU.Build.0 = Debug|Any CPU
		{55AF08D4-71B1-4AA5-8BAE-6CF65A477EDF}.Release|Any CPU.ActiveCfg = Release|Any CPU
		{55AF08D4-71B1-4AA5-8BAE-6CF65A477EDF}.Release|Any CPU.Build.0 = Release|Any CPU
		{A87FBEB6-C2DD-42F6-8D68-C1E9BBD3358D}.Debug|Any CPU.ActiveCfg = Debug|Any CPU
		{A87FBEB6-C2DD-42F6-8D68-C1E9BBD3358D}.Debug|Any CPU.Build.0 = Debug|Any CPU
		{A87FBEB6-C2DD-42F6-8D68-C1E9BBD3358D}.Release|Any CPU.ActiveCfg = Release|Any CPU
		{A87FBEB6-C2DD-42F6-8D68-C1E9BBD3358D}.Release|Any CPU.Build.0 = Release|Any CPU
		{69CA0944-9504-4FC8-AAE5-648A07967411}.Debug|Any CPU.ActiveCfg = Debug|Any CPU
		{69CA0944-9504-4FC8-AAE5-648A07967411}.Debug|Any CPU.Build.0 = Debug|Any CPU
		{69CA0944-9504-4FC8-AAE5-648A07967411}.Release|Any CPU.ActiveCfg = Release|Any CPU
		{69CA0944-9504-4FC8-AAE5-648A07967411}.Release|Any CPU.Build.0 = Release|Any CPU
	EndGlobalSection
	GlobalSection(SolutionProperties) = preSolution
		HideSolutionNode = FALSE
	EndGlobalSection
	GlobalSection(ExtensibilityGlobals) = postSolution
		SolutionGuid = {BA7C66A2-57F5-4AA1-BCF8-37CA9A05FAEE}
	EndGlobalSection
EndGlobal
